
Microsoft Visual Studio Solution File, Format Version 11.00
# Visual Studio 2010
Project("{FAE04EC0-301F-11D3-BF4B-00C04F79EFBC}") = "FubuMVC.Instrumentation", "FubuMVC.Instrumentation\FubuMVC.Instrumentation.csproj", "{BB8A4026-60AE-4077-9B6E-F7F08071AE10}"
EndProject
Project("{FAE04EC0-301F-11D3-BF4B-00C04F79EFBC}") = "FubuMVC.Instrumentation.Sample", "FubuMVC.Instrumentation.Sample\FubuMVC.Instrumentation.Sample.csproj", "{9B22A886-1A82-43EF-9628-CBD90B378D9E}"
EndProject
Global
	GlobalSection(SolutionConfigurationPlatforms) = preSolution
		Debug|Any CPU = Debug|Any CPU
		Release|Any CPU = Release|Any CPU
	EndGlobalSection
	GlobalSection(ProjectConfigurationPlatforms) = postSolution
		{BB8A4026-60AE-4077-9B6E-F7F08071AE10}.Debug|Any CPU.ActiveCfg = Release|Any CPU
		{BB8A4026-60AE-4077-9B6E-F7F08071AE10}.Debug|Any CPU.Build.0 = Release|Any CPU
		{BB8A4026-60AE-4077-9B6E-F7F08071AE10}.Release|Any CPU.ActiveCfg = Release|Any CPU
		{BB8A4026-60AE-4077-9B6E-F7F08071AE10}.Release|Any CPU.Build.0 = Release|Any CPU
		{9B22A886-1A82-43EF-9628-CBD90B378D9E}.Debug|Any CPU.ActiveCfg = Release|Any CPU
		{9B22A886-1A82-43EF-9628-CBD90B378D9E}.Debug|Any CPU.Build.0 = Release|Any CPU
		{9B22A886-1A82-43EF-9628-CBD90B378D9E}.Release|Any CPU.ActiveCfg = Release|Any CPU
		{9B22A886-1A82-43EF-9628-CBD90B378D9E}.Release|Any CPU.Build.0 = Release|Any CPU
	EndGlobalSection
	GlobalSection(SolutionProperties) = preSolution
		HideSolutionNode = FALSE
	EndGlobalSection
EndGlobal
